
Microsoft Visual Studio Solution File, Format Version 12.00
# Visual Studio 15
VisualStudioVersion = 15.0.27004.2009
MinimumVisualStudioVersion = 10.0.40219.1
Project("{FAE04EC0-301F-11D3-BF4B-00C04F79EFBC}") = "ModelProject", "ModelProject\ModelProject.csproj", "{F44E2156-5FF5-435E-9D55-D389717B3F96}"
EndProject
Project("{FAE04EC0-301F-11D3-BF4B-00C04F79EFBC}") = "ViewProject", "ViewProject\ViewProject.csproj", "{2A13CCB5-7EBD-4B26-95FC-B1C42BCC171E}"
EndProject
Project("{FAE04EC0-301F-11D3-BF4B-00C04F79EFBC}") = "PersistenceProject", "PersistenceProject\PersistenceProject.csproj", "{349B0136-7F8B-423A-8D2C-E97D58195CB3}"
EndProject
Project("{FAE04EC0-301F-11D3-BF4B-00C04F79EFBC}") = "ControllerProject", "ControllerProject\ControllerProject.csproj", "{0ADCDD72-CC90-44FE-8FEE-CED7B2458C72}"
EndProject
Global
	GlobalSection(SolutionConfigurationPlatforms) = preSolution
		Debug|Any CPU = Debug|Any CPU
		Debug|ARM = Debug|ARM
		Debug|x64 = Debug|x64
		Debug|x86 = Debug|x86
		Release|Any CPU = Release|Any CPU
		Release|ARM = Release|ARM
		Release|x64 = Release|x64
		Release|x86 = Release|x86
	EndGlobalSection
	GlobalSection(ProjectConfigurationPlatforms) = postSolution
		{F44E2156-5FF5-435E-9D55-D389717B3F96}.Debug|Any CPU.ActiveCfg = Debug|Any CPU
		{F44E2156-5FF5-435E-9D55-D389717B3F96}.Debug|Any CPU.Build.0 = Debug|Any CPU
		{F44E2156-5FF5-435E-9D55-D389717B3F96}.Debug|ARM.ActiveCfg = Debug|ARM
		{F44E2156-5FF5-435E-9D55-D389717B3F96}.Debug|ARM.Build.0 = Debug|ARM
		{F44E2156-5FF5-435E-9D55-D389717B3F96}.Debug|x64.ActiveCfg = Debug|x64
		{F44E2156-5FF5-435E-9D55-D389717B3F96}.Debug|x64.Build.0 = Debug|x64
		{F44E2156-5FF5-435E-9D55-D389717B3F96}.Debug|x86.ActiveCfg = Debug|x86
		{F44E2156-5FF5-435E-9D55-D389717B3F96}.Debug|x86.Build.0 = Debug|x86
		{F44E2156-5FF5-435E-9D55-D389717B3F96}.Release|Any CPU.ActiveCfg = Release|Any CPU
		{F44E2156-5FF5-435E-9D55-D389717B3F96}.Release|Any CPU.Build.0 = Release|Any CPU
		{F44E2156-5FF5-435E-9D55-D389717B3F96}.Release|ARM.ActiveCfg = Release|ARM
		{F44E2156-5FF5-435E-9D55-D389717B3F96}.Release|ARM.Build.0 = Release|ARM
		{F44E2156-5FF5-435E-9D55-D389717B3F96}.Release|x64.ActiveCfg = Release|x64
		{F44E2156-5FF5-435E-9D55-D389717B3F96}.Release|x64.Build.0 = Release|x64
		{F44E2156-5FF5-435E-9D55-D389717B3F96}.Release|x86.ActiveCfg = Release|x86
		{F44E2156-5FF5-435E-9D55-D389717B3F96}.Release|x86.Build.0 = Release|x86
		{2A13CCB5-7EBD-4B26-95FC-B1C42BCC171E}.Debug|Any CPU.ActiveCfg = Debug|Any CPU
		{2A13CCB5-7EBD-4B26-95FC-B1C42BCC171E}.Debug|Any CPU.Build.0 = Debug|Any CPU
		{2A13CCB5-7EBD-4B26-95FC-B1C42BCC171E}.Debug|ARM.ActiveCfg = Debug|Any CPU
		{2A13CCB5-7EBD-4B26-95FC-B1C42BCC171E}.Debug|ARM.Build.0 = Debug|Any CPU
		{2A13CCB5-7EBD-4B26-95FC-B1C42BCC171E}.Debug|x64.ActiveCfg = Debug|Any CPU
		{2A13CCB5-7EBD-4B26-95FC-B1C42BCC171E}.Debug|x64.Build.0 = Debug|Any CPU
		{2A13CCB5-7EBD-4B26-95FC-B1C42BCC171E}.Debug|x86.ActiveCfg = Debug|Any CPU
		{2A13CCB5-7EBD-4B26-95FC-B1C42BCC171E}.Debug|x86.Build.0 = Debug|Any CPU
		{2A13CCB5-7EBD-4B26-95FC-B1C42BCC171E}.Release|Any CPU.ActiveCfg = Release|Any CPU
		{2A13CCB5-7EBD-4B26-95FC-B1C42BCC171E}.Release|Any CPU.Build.0 = Release|Any CPU
		{2A13CCB5-7EBD-4B26-95FC-B1C42BCC171E}.Release|ARM.ActiveCfg = Release|Any CPU
		{2A13CCB5-7EBD-4B26-95FC-B1C42BCC171E}.Release|ARM.Build.0 = Release|Any CPU
		{2A13CCB5-7EBD-4B26-95FC-B1C42BCC171E}.Release|x64.ActiveCfg = Release|Any CPU
		{2A13CCB5-7EBD-4B26-95FC-B1C42BCC171E}.Release|x64.Build.0 = Release|Any CPU
		{2A13CCB5-7EBD-4B26-95FC-B1C42BCC171E}.Release|x86.ActiveCfg = Release|Any CPU
		{2A13CCB5-7EBD-4B26-95FC-B1C42BCC171E}.Release|x86.Build.0 = Release|Any CPU
		{349B0136-7F8B-423A-8D2C-E97D58195CB3}.Debug|Any CPU.ActiveCfg = Debug|Any CPU
		{349B0136-7F8B-423A-8D2C-E97D58195CB3}.Debug|Any CPU.Build.0 = Debug|Any CPU
		{349B0136-7F8B-423A-8D2C-E97D58195CB3}.Debug|ARM.ActiveCfg = Debug|ARM
		{349B0136-7F8B-423A-8D2C-E97D58195CB3}.Debug|ARM.Build.0 = Debug|ARM
		{349B0136-7F8B-423A-8D2C-E97D58195CB3}.Debug|x64.ActiveCfg = Debug|x64
		{349B0136-7F8B-423A-8D2C-E97D58195CB3}.Debug|x64.Build.0 = Debug|x64
		{349B0136-7F8B-423A-8D2C-E97D58195CB3}.Debug|x86.ActiveCfg = Debug|x86
		{349B0136-7F8B-423A-8D2C-E97D58195CB3}.Debug|x86.Build.0 = Debug|x86
		{349B0136-7F8B-423A-8D2C-E97D58195CB3}.Release|Any CPU.ActiveCfg = Release|Any CPU
		{349B0136-7F8B-423A-8D2C-E97D58195CB3}.Release|Any CPU.Build.0 = Release|Any CPU
		{349B0136-7F8B-423A-8D2C-E97D58195CB3}.Release|ARM.ActiveCfg = Release|ARM
		{349B0136-7F8B-423A-8D2C-E97D58195CB3}.Release|ARM.Build.0 = Release|ARM
		{349B0136-7F8B-423A-8D2C-E97D58195CB3}.Release|x64.ActiveCfg = Release|x64
		{349B0136-7F8B-423A-8D2C-E97D58195CB3}.Release|x64.Build.0 = Release|x64
		{349B0136-7F8B-423A-8D2C-E97D58195CB3}.Release|x86.ActiveCfg = Release|x86
		{349B0136-7F8B-423A-8D2C-E97D58195CB3}.Release|x86.Build.0 = Release|x86
		{0ADCDD72-CC90-44FE-8FEE-CED7B2458C72}.Debug|Any CPU.ActiveCfg = Debug|Any CPU
		{0ADCDD72-CC90-44FE-8FEE-CED7B2458C72}.Debug|Any CPU.Build.0 = Debug|Any CPU
		{0ADCDD72-CC90-44FE-8FEE-CED7B2458C72}.Debug|ARM.ActiveCfg = Debug|ARM
		{0ADCDD72-CC90-44FE-8FEE-CED7B2458C72}.Debug|ARM.Build.0 = Debug|ARM
		{0ADCDD72-CC90-44FE-8FEE-CED7B2458C72}.Debug|x64.ActiveCfg = Debug|x64
		{0ADCDD72-CC90-44FE-8FEE-CED7B2458C72}.Debug|x64.Build.0 = Debug|x64
		{0ADCDD72-CC90-44FE-8FEE-CED7B2458C72}.Debug|x86.ActiveCfg = Debug|x86
		{0ADCDD72-CC90-44FE-8FEE-CED7B2458C72}.Debug|x86.Build.0 = Debug|x86
		{0ADCDD72-CC90-44FE-8FEE-CED7B2458C72}.Release|Any CPU.ActiveCfg = Release|Any CPU
		{0ADCDD72-CC90-44FE-8FEE-CED7B2458C72}.Release|Any CPU.Build.0 = Release|Any CPU
		{0ADCDD72-CC90-44FE-8FEE-CED7B2458C72}.Release|ARM.ActiveCfg = Release|ARM
		{0ADCDD72-CC90-44FE-8FEE-CED7B2458C72}.Release|ARM.Build.0 = Release|ARM
		{0ADCDD72-CC90-44FE-8FEE-CED7B2458C72}.Release|x64.ActiveCfg = Release|x64
		{0ADCDD72-CC90-44FE-8FEE-CED7B2458C72}.Release|x64.Build.0 = Release|x64
		{0ADCDD72-CC90-44FE-8FEE-CED7B2458C72}.Release|x86.ActiveCfg = Release|x86
		{0ADCDD72-CC90-44FE-8FEE-CED7B2458C72}.Release|x86.Build.0 = Release|x86
	EndGlobalSection
	GlobalSection(SolutionProperties) = preSolution
		HideSolutionNode = FALSE
	EndGlobalSection
	GlobalSection(ExtensibilityGlobals) = postSolution
		SolutionGuid = {5B5229A7-B82F-443C-9244-FF669B07C7AC}
	EndGlobalSection
EndGlobal
